
Microsoft Visual Studio Solution File, Format Version 11.00
# Visual Studio 2010
Project("{FAE04EC0-301F-11D3-BF4B-00C04F79EFBC}") = "NSprockets", "NSprockets\NSprockets.csproj", "{B4220CFA-2562-4BEE-A3E7-0A083727859E}"
EndProject
Project("{FAE04EC0-301F-11D3-BF4B-00C04F79EFBC}") = "NSprockets.Tests", "NSprockets.Tests\NSprockets.Tests.csproj", "{E1245C13-F78F-4F34-BAC8-25BAA8D5ED38}"
EndProject
Project("{FAE04EC0-301F-11D3-BF4B-00C04F79EFBC}") = "NSprockets.Example", "NSprockets.Example\NSprockets.Example.csproj", "{21E9B4D9-AB2B-42B2-96CD-D39BD600421E}"
EndProject
Project("{FAE04EC0-301F-11D3-BF4B-00C04F79EFBC}") = "NSprockets.Console", "NSprockets.Console\NSprockets.Console.csproj", "{E6762D9C-35CB-4EFD-91EA-8173C78A12C3}"
EndProject
Global
	GlobalSection(SolutionConfigurationPlatforms) = preSolution
		Debug|Any CPU = Debug|Any CPU
		Debug|Mixed Platforms = Debug|Mixed Platforms
		Debug|x86 = Debug|x86
		Release|Any CPU = Release|Any CPU
		Release|Mixed Platforms = Release|Mixed Platforms
		Release|x86 = Release|x86
	EndGlobalSection
	GlobalSection(ProjectConfigurationPlatforms) = postSolution
		{B4220CFA-2562-4BEE-A3E7-0A083727859E}.Debug|Any CPU.ActiveCfg = Debug|Any CPU
		{B4220CFA-2562-4BEE-A3E7-0A083727859E}.Debug|Any CPU.Build.0 = Debug|Any CPU
		{B4220CFA-2562-4BEE-A3E7-0A083727859E}.Debug|Mixed Platforms.ActiveCfg = Debug|Any CPU
		{B4220CFA-2562-4BEE-A3E7-0A083727859E}.Debug|Mixed Platforms.Build.0 = Debug|Any CPU
		{B4220CFA-2562-4BEE-A3E7-0A083727859E}.Debug|x86.ActiveCfg = Debug|Any CPU
		{B4220CFA-2562-4BEE-A3E7-0A083727859E}.Release|Any CPU.ActiveCfg = Release|Any CPU
		{B4220CFA-2562-4BEE-A3E7-0A083727859E}.Release|Any CPU.Build.0 = Release|Any CPU
		{B4220CFA-2562-4BEE-A3E7-0A083727859E}.Release|Mixed Platforms.ActiveCfg = Release|Any CPU
		{B4220CFA-2562-4BEE-A3E7-0A083727859E}.Release|Mixed Platforms.Build.0 = Release|Any CPU
		{B4220CFA-2562-4BEE-A3E7-0A083727859E}.Release|x86.ActiveCfg = Release|Any CPU
		{E1245C13-F78F-4F34-BAC8-25BAA8D5ED38}.Debug|Any CPU.ActiveCfg = Debug|Any CPU
		{E1245C13-F78F-4F34-BAC8-25BAA8D5ED38}.Debug|Any CPU.Build.0 = Debug|Any CPU
		{E1245C13-F78F-4F34-BAC8-25BAA8D5ED38}.Debug|Mixed Platforms.ActiveCfg = Debug|Any CPU
		{E1245C13-F78F-4F34-BAC8-25BAA8D5ED38}.Debug|Mixed Platforms.Build.0 = Debug|Any CPU
		{E1245C13-F78F-4F34-BAC8-25BAA8D5ED38}.Debug|x86.ActiveCfg = Debug|Any CPU
		{E1245C13-F78F-4F34-BAC8-25BAA8D5ED38}.Release|Any CPU.ActiveCfg = Release|Any CPU
		{E1245C13-F78F-4F34-BAC8-25BAA8D5ED38}.Release|Any CPU.Build.0 = Release|Any CPU
		{E1245C13-F78F-4F34-BAC8-25BAA8D5ED38}.Release|Mixed Platforms.ActiveCfg = Release|Any CPU
		{E1245C13-F78F-4F34-BAC8-25BAA8D5ED38}.Release|Mixed Platforms.Build.0 = Release|Any CPU
		{E1245C13-F78F-4F34-BAC8-25BAA8D5ED38}.Release|x86.ActiveCfg = Release|Any CPU
		{21E9B4D9-AB2B-42B2-96CD-D39BD600421E}.Debug|Any CPU.ActiveCfg = Debug|Any CPU
		{21E9B4D9-AB2B-42B2-96CD-D39BD600421E}.Debug|Any CPU.Build.0 = Debug|Any CPU
		{21E9B4D9-AB2B-42B2-96CD-D39BD600421E}.Debug|Mixed Platforms.ActiveCfg = Debug|Any CPU
		{21E9B4D9-AB2B-42B2-96CD-D39BD600421E}.Debug|Mixed Platforms.Build.0 = Debug|Any CPU
		{21E9B4D9-AB2B-42B2-96CD-D39BD600421E}.Debug|x86.ActiveCfg = Debug|Any CPU
		{21E9B4D9-AB2B-42B2-96CD-D39BD600421E}.Release|Any CPU.ActiveCfg = Release|Any CPU
		{21E9B4D9-AB2B-42B2-96CD-D39BD600421E}.Release|Any CPU.Build.0 = Release|Any CPU
		{21E9B4D9-AB2B-42B2-96CD-D39BD600421E}.Release|Mixed Platforms.ActiveCfg = Release|Any CPU
		{21E9B4D9-AB2B-42B2-96CD-D39BD600421E}.Release|Mixed Platforms.Build.0 = Release|Any CPU
		{21E9B4D9-AB2B-42B2-96CD-D39BD600421E}.Release|x86.ActiveCfg = Release|Any CPU
		{E6762D9C-35CB-4EFD-91EA-8173C78A12C3}.Debug|Any CPU.ActiveCfg = Debug|x86
		{E6762D9C-35CB-4EFD-91EA-8173C78A12C3}.Debug|Mixed Platforms.ActiveCfg = Debug|x86
		{E6762D9C-35CB-4EFD-91EA-8173C78A12C3}.Debug|Mixed Platforms.Build.0 = Debug|x86
		{E6762D9C-35CB-4EFD-91EA-8173C78A12C3}.Debug|x86.ActiveCfg = Debug|x86
		{E6762D9C-35CB-4EFD-91EA-8173C78A12C3}.Debug|x86.Build.0 = Debug|x86
		{E6762D9C-35CB-4EFD-91EA-8173C78A12C3}.Release|Any CPU.ActiveCfg = Release|x86
		{E6762D9C-35CB-4EFD-91EA-8173C78A12C3}.Release|Mixed Platforms.ActiveCfg = Release|x86
		{E6762D9C-35CB-4EFD-91EA-8173C78A12C3}.Release|Mixed Platforms.Build.0 = Release|x86
		{E6762D9C-35CB-4EFD-91EA-8173C78A12C3}.Release|x86.ActiveCfg = Release|x86
		{E6762D9C-35CB-4EFD-91EA-8173C78A12C3}.Release|x86.Build.0 = Release|x86
	EndGlobalSection
	GlobalSection(SolutionProperties) = preSolution
		HideSolutionNode = FALSE
	EndGlobalSection
EndGlobal
